
Microsoft Visual Studio Solution File, Format Version 12.00
# Visual Studio Version 16
VisualStudioVersion = 16.0.31702.278
MinimumVisualStudioVersion = 10.0.40219.1
Project("{9A19103F-16F7-4668-BE54-9A1E7A4F7556}") = "DBMS", "DBMS.csproj", "{643BB627-B36F-4629-88E6-9C6F3642DD0E}"
EndProject
Project("{9A19103F-16F7-4668-BE54-9A1E7A4F7556}") = "Tests", "..\Tests\Tests.csproj", "{9DCDF32E-84CE-4BAD-9FA3-5A3F28B25EA7}"
EndProject
Project("{FAE04EC0-301F-11D3-BF4B-00C04F79EFBC}") = "DBMS Web API", "..\DBMS Web API\DBMS Web API.csproj", "{03D974BE-BB0A-4CC6-8E98-CEF9D5A697D0}"
EndProject
Global
	GlobalSection(SolutionConfigurationPlatforms) = preSolution
		Debug|Any CPU = Debug|Any CPU
		Release|Any CPU = Release|Any CPU
	EndGlobalSection
	GlobalSection(ProjectConfigurationPlatforms) = postSolution
		{643BB627-B36F-4629-88E6-9C6F3642DD0E}.Debug|Any CPU.ActiveCfg = Debug|Any CPU
		{643BB627-B36F-4629-88E6-9C6F3642DD0E}.Debug|Any CPU.Build.0 = Debug|Any CPU
		{643BB627-B36F-4629-88E6-9C6F3642DD0E}.Release|Any CPU.ActiveCfg = Release|Any CPU
		{643BB627-B36F-4629-88E6-9C6F3642DD0E}.Release|Any CPU.Build.0 = Release|Any CPU
		{9DCDF32E-84CE-4BAD-9FA3-5A3F28B25EA7}.Debug|Any CPU.ActiveCfg = Debug|Any CPU
		{9DCDF32E-84CE-4BAD-9FA3-5A3F28B25EA7}.Debug|Any CPU.Build.0 = Debug|Any CPU
		{9DCDF32E-84CE-4BAD-9FA3-5A3F28B25EA7}.Release|Any CPU.ActiveCfg = Release|Any CPU
		{9DCDF32E-84CE-4BAD-9FA3-5A3F28B25EA7}.Release|Any CPU.Build.0 = Release|Any CPU
		{03D974BE-BB0A-4CC6-8E98-CEF9D5A697D0}.Debug|Any CPU.ActiveCfg = Debug|Any CPU
		{03D974BE-BB0A-4CC6-8E98-CEF9D5A697D0}.Debug|Any CPU.Build.0 = Debug|Any CPU
		{03D974BE-BB0A-4CC6-8E98-CEF9D5A697D0}.Release|Any CPU.ActiveCfg = Release|Any CPU
		{03D974BE-BB0A-4CC6-8E98-CEF9D5A697D0}.Release|Any CPU.Build.0 = Release|Any CPU
	EndGlobalSection
	GlobalSection(SolutionProperties) = preSolution
		HideSolutionNode = FALSE
	EndGlobalSection
	GlobalSection(ExtensibilityGlobals) = postSolution
		SolutionGuid = {EDC89470-8D39-4247-98B1-7D7AD560CA99}
	EndGlobalSection
EndGlobal
